github.com/eens1/config v0.0.0-20241021141630-b145099baee9 h1:pK4YkY1FmJR0NDdU70ZoDPfXEt73ds2H/wDvcKNzAdw=
github.com/eens1/config v0.0.0-20241021141630-b145099baee9/go.mod h1:WccIBwO6Cw5wlt2HJ3katlH0qZNQeeaLX7+GkVR0FmI=
github.com/eens1/config v0.0.0-20241021174023-b05d24d11363 h1:VFlUQG1S92JXjUSdG+MfjNH2kdR2WlJ3GVgSK4KCIEE=
github.com/eens1/config v0.0.0-20241021174023-b05d24d11363/go.mod h1:WccIBwO6Cw5wlt2HJ3katlH0qZNQeeaLX7+GkVR0FmI=
