github.com/eens1/config v0.0.0-20241021141630-b145099baee9 h1:pK4YkY1FmJR0NDdU70ZoDPfXEt73ds2H/wDvcKNzAdw=
github.com/eens1/config v0.0.0-20241021141630-b145099baee9/go.mod h1:WccIBwO6Cw5wlt2HJ3katlH0qZNQeeaLX7+GkVR0FmI=
github.com/eens1/config v0.0.0-20241021174023-b05d24d11363 h1:VFlUQG1S92JXjUSdG+MfjNH2kdR2WlJ3GVgSK4KCIEE=
github.com/eens1/config v0.0.0-20241021174023-b05d24d11363/go.mod h1:WccIBwO6Cw5wlt2HJ3katlH0qZNQeeaLX7+GkVR0FmI=
github.com/eens1/config v0.0.0-20241021185453-9e1ba8344af3 h1:nI02ksysg6WEVl/03P/xeGYSh3Oe40SJ/eSm5tOmnwQ=
github.com/eens1/config v0.0.0-20241021185453-9e1ba8344af3/go.mod h1:WccIBwO6Cw5wlt2HJ3katlH0qZNQeeaLX7+GkVR0FmI=
github.com/eens1/config v0.0.0-20241022030802-9af31e6fd758 h1:I7ZFf6kSx8xHHBUaKwl3U+wcw+MCs36qSZx/ZCJX7es=
github.com/eens1/config v0.0.0-20241022030802-9af31e6fd758/go.mod h1:WccIBwO6Cw5wlt2HJ3katlH0qZNQeeaLX7+GkVR0FmI=
github.com/eens1/config v0.0.0-20241022034519-0ccffad071dc h1:wInRO5GbV3KM/0CXZLkqEr8tg5oRTWJH9tu5znT5Al0=
github.com/eens1/config v0.0.0-20241022034519-0ccffad071dc/go.mod h1:WccIBwO6Cw5wlt2HJ3katlH0qZNQeeaLX7+GkVR0FmI=
github.com/eens1/config v0.0.0-20241022081541-78684e4b844c h1:CGEq99goo+6kJQjI+ONSZZKCKCHVNZb3FRaesJaO2xg=
github.com/eens1/config v0.0.0-20241022081541-78684e4b844c/go.mod h1:WccIBwO6Cw5wlt2HJ3katlH0qZNQeeaLX7+GkVR0FmI=
github.com/eens1/config v0.0.0-20241022090255-3d7bd476bc81 h1:kRPERYJudvCunZgK37sQIhr8igHTe5xLRq5z+NE999c=
github.com/eens1/config v0.0.0-20241022090255-3d7bd476bc81/go.mod h1:WccIBwO6Cw5wlt2HJ3katlH0qZNQeeaLX7+GkVR0FmI=
github.com/eens1/config v0.0.0-20241022142030-9222eece793f h1:AvgtnAfGkIb/5ovohWRtyvTCfZ3EUn1m6oqrTY0SzFo=
github.com/eens1/config v0.0.0-20241022142030-9222eece793f/go.mod h1:WccIBwO6Cw5wlt2HJ3katlH0qZNQeeaLX7+GkVR0FmI=
github.com/eens1/config v0.0.0-20241023063245-b6033498556c h1:rhAvXwDpW8lbu7un08p2/v1DoKzeX8bqwDn+aufE2kM=
github.com/eens1/config v0.0.0-20241023063245-b6033498556c/go.mod h1:WccIBwO6Cw5wlt2HJ3katlH0qZNQeeaLX7+GkVR0FmI=
github.com/eens1/config v0.0.0-20241023064350-29b77abcccff h1:IpM9/SfqHKrJxFbcYRsGnaa2d7emwuKVXKUOhHj7ZYY=
github.com/eens1/config v0.0.0-20241023064350-29b77abcccff/go.mod h1:WccIBwO6Cw5wlt2HJ3katlH0qZNQeeaLX7+GkVR0FmI=
github.com/eens1/config v0.0.0-20241024200128-c05bf8d4b6b3 h1:9A5tmTvmr11hGC8mGiZdZUKFst7alqm9vvZy5jEc2QM=
github.com/eens1/config v0.0.0-20241024200128-c05bf8d4b6b3/go.mod h1:WccIBwO6Cw5wlt2HJ3katlH0qZNQeeaLX7+GkVR0FmI=
github.com/eens1/config v0.0.0-20241024201052-21835f8397c5 h1:wMxYpf81gIxth/mRLzmSMOSQOPvlRJtHRgdlsw6RL7o=
github.com/eens1/config v0.0.0-20241024201052-21835f8397c5/go.mod h1:WccIBwO6Cw5wlt2HJ3katlH0qZNQeeaLX7+GkVR0FmI=
github.com/eens1/config v0.0.0-20241025062035-c05bd369e49a h1:MUEqxFB/bXIRlDVZPZeUspkExSW+fw+4vdJ5rmmfVXI=
github.com/eens1/config v0.0.0-20241025062035-c05bd369e49a/go.mod h1:WccIBwO6Cw5wlt2HJ3katlH0qZNQeeaLX7+GkVR0FmI=
github.com/eens1/config v0.0.0-20241025062617-ddd213def215 h1:VHlf0vLxiyYShH8ZFbFidbpmyhQCfuTSnZwb2FOuBqs=
github.com/eens1/config v0.0.0-20241025062617-ddd213def215/go.mod h1:WccIBwO6Cw5wlt2HJ3katlH0qZNQeeaLX7+GkVR0FmI=
github.com/eens1/config v0.0.0-20241025134115-690e7db49194 h1:lKmqyxSJ+qdLQTq4/7PBDczR8T/o/cXFc25SgJZkh8U=
github.com/eens1/config v0.0.0-20241025134115-690e7db49194/go.mod h1:WccIBwO6Cw5wlt2HJ3katlH0qZNQeeaLX7+GkVR0FmI=
github.com/eens1/config v0.0.0-20241026002055-4b0af0367249 h1:/AKkdz+tallfvtnOeaXhG6jCXtdfO0Oa4VpFqS+mrz0=
github.com/eens1/config v0.0.0-20241026002055-4b0af0367249/go.mod h1:WccIBwO6Cw5wlt2HJ3katlH0qZNQeeaLX7+GkVR0FmI=
github.com/eens1/config v0.0.0-20241026031443-9787c8e16120 h1:CFYRQVh8vIWILTv0AwlzS551EoGeNMLhm5/EN1AkaDg=
github.com/eens1/config v0.0.0-20241026031443-9787c8e16120/go.mod h1:WccIBwO6Cw5wlt2HJ3katlH0qZNQeeaLX7+GkVR0FmI=
github.com/eens1/config v0.0.0-20241027084931-f444bd92f015 h1:Uege/40JjDhIbj/ahh40xCuh7k1Ug369zIXvRyaE7Iw=
github.com/eens1/config v0.0.0-20241027084931-f444bd92f015/go.mod h1:WccIBwO6Cw5wlt2HJ3katlH0qZNQeeaLX7+GkVR0FmI=
github.com/eens1/config v0.0.0-20241030080231-873fe371d315 h1:fEnP0Ymn/tKcSjPLP1AwdldWFaGd02fNBH7+3ZnfbNs=
github.com/eens1/config v0.0.0-20241030080231-873fe371d315/go.mod h1:WccIBwO6Cw5wlt2HJ3katlH0qZNQeeaLX7+GkVR0FmI=
github.com/eens1/config v0.0.0-20241031053003-d916e210a054 h1:uVb8NjBPfnLJ3VgbYWouNlusOekAw/5QA2uLfq9IJEg=
github.com/eens1/config v0.0.0-20241031053003-d916e210a054/go.mod h1:WccIBwO6Cw5wlt2HJ3katlH0qZNQeeaLX7+GkVR0FmI=
github.com/eens1/config v0.0.0-20241031054743-08792919d376 h1:N4ESIdfU6qOVMBMjH34d3Ytap/qxGf5V1r8G+zQrM2k=
github.com/eens1/config v0.0.0-20241031054743-08792919d376/go.mod h1:WccIBwO6Cw5wlt2HJ3katlH0qZNQeeaLX7+GkVR0FmI=
github.com/eens1/config v0.0.0-20241119131034-aea38d23ffe2 h1:3ytmLiBgr7tmYt1IGi8+FAiYYDMBnSMw0UOlhVPKTa4=
github.com/eens1/config v0.0.0-20241119131034-aea38d23ffe2/go.mod h1:WccIBwO6Cw5wlt2HJ3katlH0qZNQeeaLX7+GkVR0FmI=
github.com/eens1/config v0.0.0-20241120150751-cb5f38b73b0c h1:dYQSeRCjtNEaZGui52mKh55lRBiXmfHHnyrHiTMAacY=
github.com/eens1/config v0.0.0-20241120150751-cb5f38b73b0c/go.mod h1:WccIBwO6Cw5wlt2HJ3katlH0qZNQeeaLX7+GkVR0FmI=
github.com/eens1/config v0.0.0-20241120151037-1c5c04c897e7 h1:q0JH28m6WdzRauykRJoH4kjF3jI5Xvax1pNorTNMQSs=
github.com/eens1/config v0.0.0-20241120151037-1c5c04c897e7/go.mod h1:WccIBwO6Cw5wlt2HJ3katlH0qZNQeeaLX7+GkVR0FmI=
github.com/eens1/config v0.0.0-20241120153125-d0e7ce3e155f h1:3PEftkts2dsB2s/4ETNPt0sEzXrD87X1zmd3xOOyMek=
github.com/eens1/config v0.0.0-20241120153125-d0e7ce3e155f/go.mod h1:WccIBwO6Cw5wlt2HJ3katlH0qZNQeeaLX7+GkVR0FmI=
github.com/eens1/config v0.0.0-20241120154003-196e20d65409 h1:XE+7l5t/14P5LpucuRi8CXclQEouyYkHnfJ8JlxVGyA=
github.com/eens1/config v0.0.0-20241120154003-196e20d65409/go.mod h1:WccIBwO6Cw5wlt2HJ3katlH0qZNQeeaLX7+GkVR0FmI=
github.com/eens1/config v0.0.0-20241120170133-73d65b6340f9 h1:0mMqLH4plhTcholuixI7psO0h2K5pgWuCg71/s2hdL4=
github.com/eens1/config v0.0.0-20241120170133-73d65b6340f9/go.mod h1:WccIBwO6Cw5wlt2HJ3katlH0qZNQeeaLX7+GkVR0FmI=
github.com/eens1/config v0.0.0-20241120174030-4cf79516b75e h1:b2Sp2o8zIzNZwwD8T5IvFiBvv/DZusFO1qTf9petXgY=
github.com/eens1/config v0.0.0-20241120174030-4cf79516b75e/go.mod h1:WccIBwO6Cw5wlt2HJ3katlH0qZNQeeaLX7+GkVR0FmI=
github.com/eens1/config v0.0.0-20241120174301-1ad62e7b3c2a h1:7222sqDCc6uzdPZMOsuyyzxFWtskJANyW2g+zN3gTRc=
github.com/eens1/config v0.0.0-20241120174301-1ad62e7b3c2a/go.mod h1:WccIBwO6Cw5wlt2HJ3katlH0qZNQeeaLX7+GkVR0FmI=
github.com/eens1/config v0.0.0-20241120174922-24845a41b688 h1:mqbsQToQdcaVDtuERKJ6OoBRVlQo2w4AXKnkcVgP/WY=
github.com/eens1/config v0.0.0-20241120174922-24845a41b688/go.mod h1:WccIBwO6Cw5wlt2HJ3katlH0qZNQeeaLX7+GkVR0FmI=
github.com/eens1/config v0.0.0-20241121074509-1520a4196836 h1:a6vn6cqhK2Wb8fAg7dQNy2LdFu6wdECW8z0R5E3jOzE=
github.com/eens1/config v0.0.0-20241121074509-1520a4196836/go.mod h1:WccIBwO6Cw5wlt2HJ3katlH0qZNQeeaLX7+GkVR0FmI=
github.com/eens1/config v0.0.0-20241121151002-3cb8b715c6bf h1:AQVCnhE3hmOKEr9ka5Rz22//eyzYhIEL09unqSwre8w=
github.com/eens1/config v0.0.0-20241121151002-3cb8b715c6bf/go.mod h1:WccIBwO6Cw5wlt2HJ3katlH0qZNQeeaLX7+GkVR0FmI=
github.com/eens1/config v0.0.0-20241121180847-593613d14ad4 h1:dBLqY5w3jAG+vXrBEfXoZRh/GPFvfWXnwtjzq4Mo3/Y=
github.com/eens1/config v0.0.0-20241121180847-593613d14ad4/go.mod h1:WccIBwO6Cw5wlt2HJ3katlH0qZNQeeaLX7+GkVR0FmI=
github.com/eens1/config v0.0.0-20241121181126-ec181f1c1958 h1:6yVzHlbQfb9UR41gk7L6oFE7laTte018+0CfjjKWp7E=
github.com/eens1/config v0.0.0-20241121181126-ec181f1c1958/go.mod h1:WccIBwO6Cw5wlt2HJ3katlH0qZNQeeaLX7+GkVR0FmI=
github.com/eens1/config v0.0.0-20241121184257-08d5969b04cd h1:EkxAl1eUEveb1fsdkuozZcDKBbTjc4zBn+htHQX3sMY=
github.com/eens1/config v0.0.0-20241121184257-08d5969b04cd/go.mod h1:WccIBwO6Cw5wlt2HJ3katlH0qZNQeeaLX7+GkVR0FmI=
github.com/eens1/config v0.0.0-20241121190110-917af9a7b2ba h1:ItZLAGF1rTHMmUDINJbzS5aIAWa18Z6dPFqqYHjah7s=
github.com/eens1/config v0.0.0-20241121190110-917af9a7b2ba/go.mod h1:WccIBwO6Cw5wlt2HJ3katlH0qZNQeeaLX7+GkVR0FmI=
github.com/eens1/config v0.0.0-20241121190436-f340d1cc180b h1:ZzRg6AJbzg0jQPsZewMQYSofL9enhy+SJz9aH04l8Vs=
github.com/eens1/config v0.0.0-20241121190436-f340d1cc180b/go.mod h1:WccIBwO6Cw5wlt2HJ3katlH0qZNQeeaLX7+GkVR0FmI=
github.com/eens1/config v0.0.0-20241121192733-0b48fc91cb22 h1:QpRFNiGlhsR2sF13ni9s+JgVQPTx0/uK3nFa/Z5BbBo=
github.com/eens1/config v0.0.0-20241121192733-0b48fc91cb22/go.mod h1:WccIBwO6Cw5wlt2HJ3katlH0qZNQeeaLX7+GkVR0FmI=
github.com/eens1/config v0.0.0-20241122062534-1154a71920c0 h1:2FDp/tvRoKmh4OpQLYHmK8pengbiOPkSaieyidReLm8=
github.com/eens1/config v0.0.0-20241122062534-1154a71920c0/go.mod h1:WccIBwO6Cw5wlt2HJ3katlH0qZNQeeaLX7+GkVR0FmI=
github.com/eens1/config v0.0.0-20241122070350-b0d253ea0094 h1:T4mQQUI92f9AC3ViD4+PQ+GZ1g78Rfg5uXmYQ+5LpHY=
github.com/eens1/config v0.0.0-20241122070350-b0d253ea0094/go.mod h1:WccIBwO6Cw5wlt2HJ3katlH0qZNQeeaLX7+GkVR0FmI=
github.com/eens1/config v0.0.0-20241122070721-a802c045a41e h1:3py7mdFAwQ7m5TKmJBZqks87AlZidQLEsSDraHbu+/c=
github.com/eens1/config v0.0.0-20241122070721-a802c045a41e/go.mod h1:WccIBwO6Cw5wlt2HJ3katlH0qZNQeeaLX7+GkVR0FmI=
github.com/eens1/config v0.0.0-20241122070945-8b4a86633fb0 h1:Qt64MDaMS/JyR8fy0LcwtE0/yfqVsturkFTxCiDwuEE=
github.com/eens1/config v0.0.0-20241122070945-8b4a86633fb0/go.mod h1:WccIBwO6Cw5wlt2HJ3katlH0qZNQeeaLX7+GkVR0FmI=
github.com/eens1/config v0.0.0-20241122071629-39ad65a1124d h1:/fjU+qgKjcx3FMEmbTscXHn+ikPQ/spIMEV9pTbPz6A=
github.com/eens1/config v0.0.0-20241122071629-39ad65a1124d/go.mod h1:WccIBwO6Cw5wlt2HJ3katlH0qZNQeeaLX7+GkVR0FmI=
github.com/eens1/config v0.0.0-20241122072349-1d2671d1d930 h1:pjEeVkyaS3lU7xmK2TrLzY05JwRAWt1wrQGqC7qEUVc=
github.com/eens1/config v0.0.0-20241122072349-1d2671d1d930/go.mod h1:WccIBwO6Cw5wlt2HJ3katlH0qZNQeeaLX7+GkVR0FmI=
github.com/eens1/config v0.0.0-20241122104301-3e84e3866fa2 h1:SFawu6vW0Qq+ODFUEhzJStUVjTtqAIvVKiwtVMJYQHM=
github.com/eens1/config v0.0.0-20241122104301-3e84e3866fa2/go.mod h1:WccIBwO6Cw5wlt2HJ3katlH0qZNQeeaLX7+GkVR0FmI=
github.com/eens1/config v0.0.0-20241122125304-74cdeb6b02a3 h1:TxXjleFvPLCTsSfsqglRPSVqRFpZnEL/fFLUvY1GeFU=
github.com/eens1/config v0.0.0-20241122125304-74cdeb6b02a3/go.mod h1:WccIBwO6Cw5wlt2HJ3katlH0qZNQeeaLX7+GkVR0FmI=
github.com/eens1/config v0.0.0-20241122161739-6790974018f4 h1:rmIeFhgPhsNRwmbtz385ZCDznZKJ/7xLyhqzh8K6BUU=
github.com/eens1/config v0.0.0-20241122161739-6790974018f4/go.mod h1:WccIBwO6Cw5wlt2HJ3katlH0qZNQeeaLX7+GkVR0FmI=
github.com/eens1/config v0.0.0-20241123061346-fff93eccd88b h1:45w6TMvG+RIS7MVm/a/tQF/IlCWkLvfiY3O+U3xhg/U=
github.com/eens1/config v0.0.0-20241123061346-fff93eccd88b/go.mod h1:WccIBwO6Cw5wlt2HJ3katlH0qZNQeeaLX7+GkVR0FmI=
github.com/eens1/config v0.0.0-20241123062658-9534a1ac20d8 h1:pLjjsOXw0J8/X+90OIpUGrWr3XwbYrGQR6izp/yYAQ0=
github.com/eens1/config v0.0.0-20241123062658-9534a1ac20d8/go.mod h1:WccIBwO6Cw5wlt2HJ3katlH0qZNQeeaLX7+GkVR0FmI=
github.com/eens1/config v0.0.0-20241123134427-e5c8574367e4 h1:lbzoGSTQgGlXXql7jg+LIXjPZ06qO5VDGQISoQMgI0w=
github.com/eens1/config v0.0.0-20241123134427-e5c8574367e4/go.mod h1:WccIBwO6Cw5wlt2HJ3katlH0qZNQeeaLX7+GkVR0FmI=
github.com/eens1/config v0.0.0-20241124170339-65ff9349024a h1:5xqpvUeoJw1tfIjPBpvJWSyiq8Owm7Ape9jjyYEcm+g=
github.com/eens1/config v0.0.0-20241124170339-65ff9349024a/go.mod h1:WccIBwO6Cw5wlt2HJ3katlH0qZNQeeaLX7+GkVR0FmI=
github.com/eens1/config v0.0.0-20241125081343-c2668d8d946c h1:TbaeYnL+yvmxd7Tpxb6TIKcp79jBtoz+lINK70tzkuU=
github.com/eens1/config v0.0.0-20241125081343-c2668d8d946c/go.mod h1:WccIBwO6Cw5wlt2HJ3katlH0qZNQeeaLX7+GkVR0FmI=
github.com/eens1/config v0.0.0-20241129034121-06cbeda809b9 h1:7EwB0NoLgQF67oAfQs49tFd265GPxM1h4uCIshKNQYU=
github.com/eens1/config v0.0.0-20241129034121-06cbeda809b9/go.mod h1:WccIBwO6Cw5wlt2HJ3katlH0qZNQeeaLX7+GkVR0FmI=
github.com/eens1/config v0.0.0-20241129112402-7c4013ce1ee2 h1:HApET25WOzcKzldkOH5miBEvD8h8uexPLtHCUOYpQ3c=
github.com/eens1/config v0.0.0-20241129112402-7c4013ce1ee2/go.mod h1:WccIBwO6Cw5wlt2HJ3katlH0qZNQeeaLX7+GkVR0FmI=
github.com/eens1/config v0.0.0-20241129124913-f98b188f004c h1:R1ltB8L4KxRvp4p4E8ZyQVqNh1r3u9pIvNHtQDsrxjM=
github.com/eens1/config v0.0.0-20241129124913-f98b188f004c/go.mod h1:WccIBwO6Cw5wlt2HJ3katlH0qZNQeeaLX7+GkVR0FmI=
github.com/eens1/config v0.0.0-20241213121837-87532f3d01a5 h1:p9j0bX1zbKsQo4YVu0RzLR6eS4QRj+qiXxSKKA+1Zbk=
github.com/eens1/config v0.0.0-20241213121837-87532f3d01a5/go.mod h1:WccIBwO6Cw5wlt2HJ3katlH0qZNQeeaLX7+GkVR0FmI=
github.com/eens1/config v0.0.0-20241213140503-670c9652d5d1 h1:WARFpy9q9GxNDT9MRSR13x3N5d38A1cyln4vAYo450A=
github.com/eens1/config v0.0.0-20241213140503-670c9652d5d1/go.mod h1:WccIBwO6Cw5wlt2HJ3katlH0qZNQeeaLX7+GkVR0FmI=
github.com/eens1/config v0.0.0-20241215144330-bbf075afb0fa h1:ZiMI8nPOECGafOdthJoo+H2mQ6zDAE1RaiQp+4YoFz8=
github.com/eens1/config v0.0.0-20241215144330-bbf075afb0fa/go.mod h1:WccIBwO6Cw5wlt2HJ3katlH0qZNQeeaLX7+GkVR0FmI=
github.com/eens1/config v0.0.0-20241217125500-0107e9f77da7 h1:092MLrLgvbYlFB4agT7NFk/MryPob7/fSR2RAUokkxY=
github.com/eens1/config v0.0.0-20241217125500-0107e9f77da7/go.mod h1:WccIBwO6Cw5wlt2HJ3katlH0qZNQeeaLX7+GkVR0FmI=
github.com/eens1/config v0.0.0-20241217134244-9ce160d529f5 h1:cd0OSmY0H+u8zBKG/W3sQ/Tf4uoMWYTdVXHRt1Ht1xM=
github.com/eens1/config v0.0.0-20241217134244-9ce160d529f5/go.mod h1:WccIBwO6Cw5wlt2HJ3katlH0qZNQeeaLX7+GkVR0FmI=
github.com/eens1/config v0.0.0-20241217175351-bc7283737bd9 h1:hiG9MsPi0jRfYnVnxUUIk+DyyZZ7iGtrheYhk3qLI6I=
github.com/eens1/config v0.0.0-20241217175351-bc7283737bd9/go.mod h1:WccIBwO6Cw5wlt2HJ3katlH0qZNQeeaLX7+GkVR0FmI=
github.com/eens1/config v0.0.0-20241218094437-1d3c056fb5f9 h1:7vkSluIcK6hUYnm0jMtSXV2h+NYqDllyRZWKBzfn8QM=
github.com/eens1/config v0.0.0-20241218094437-1d3c056fb5f9/go.mod h1:WccIBwO6Cw5wlt2HJ3katlH0qZNQeeaLX7+GkVR0FmI=
github.com/eens1/config v0.0.0-20241218150704-abd0e92fbe20 h1:GfYnU0WIYZDnDySdb85TbAvQk+0HyaFv6TeJQOq9IBw=
github.com/eens1/config v0.0.0-20241218150704-abd0e92fbe20/go.mod h1:WccIBwO6Cw5wlt2HJ3katlH0qZNQeeaLX7+GkVR0FmI=
github.com/eens1/config v0.0.0-20241218151346-f525b37e2ebc h1:9rPLqngjgAac5Mf6Tj9q+dhEiHiwRevCPhmiJjxK0sg=
github.com/eens1/config v0.0.0-20241218151346-f525b37e2ebc/go.mod h1:WccIBwO6Cw5wlt2HJ3katlH0qZNQeeaLX7+GkVR0FmI=
github.com/eens1/config v0.0.0-20241218152039-853a857e0485 h1:7JhitUdLdv7b7haaxDPekAB4f2KdaVBGWKN+/SMF37o=
github.com/eens1/config v0.0.0-20241218152039-853a857e0485/go.mod h1:WccIBwO6Cw5wlt2HJ3katlH0qZNQeeaLX7+GkVR0FmI=
github.com/eens1/config v0.0.0-20241219091341-939565dc8555 h1:rdUken2zyRIY65Rm2HtpsbaeVurVur5xGpm0d8AIzKw=
github.com/eens1/config v0.0.0-20241219091341-939565dc8555/go.mod h1:WccIBwO6Cw5wlt2HJ3katlH0qZNQeeaLX7+GkVR0FmI=
github.com/eens1/config v0.0.0-20241219093327-e56bd8cadf81 h1:GEjpJHO+uikk893naCNQsR2gV8kVhCuAykGeOd+HMC4=
github.com/eens1/config v0.0.0-20241219093327-e56bd8cadf81/go.mod h1:WccIBwO6Cw5wlt2HJ3katlH0qZNQeeaLX7+GkVR0FmI=
github.com/eens1/config v0.0.0-20241220073734-9102056d9bb7 h1:3KS26LJHV4AGoByDzFv0I2FufMU2OcXvLDCUj+ja08k=
github.com/eens1/config v0.0.0-20241220073734-9102056d9bb7/go.mod h1:WccIBwO6Cw5wlt2HJ3katlH0qZNQeeaLX7+GkVR0FmI=
github.com/eens1/config v0.0.0-20241220135545-7f2581a0e9ea h1:UkRdUyrrlZGNTB+U++/Gg3vNXrp56COe2YHRF8O+6uc=
github.com/eens1/config v0.0.0-20241220135545-7f2581a0e9ea/go.mod h1:WccIBwO6Cw5wlt2HJ3katlH0qZNQeeaLX7+GkVR0FmI=
github.com/eens1/config v0.0.0-20241220141751-ead03308e779 h1:NCXM5LPfl7fnuOg+ij7J0L40is/jP692P4eYQb4e0g4=
github.com/eens1/config v0.0.0-20241220141751-ead03308e779/go.mod h1:WccIBwO6Cw5wlt2HJ3katlH0qZNQeeaLX7+GkVR0FmI=
github.com/eens1/config v0.0.0-20241226104039-8ab0e60af27d h1:7DxzJUD3VQjjyTehyqcEsnpA6SpxTs2hEdWwPmjszWg=
github.com/eens1/config v0.0.0-20241226104039-8ab0e60af27d/go.mod h1:WccIBwO6Cw5wlt2HJ3katlH0qZNQeeaLX7+GkVR0FmI=
